{
  "nodes": {
    "flake-utils": {
      "inputs": {
        "systems": "systems"
      },
      "locked": {
        "lastModified": 1689068808,
        "narHash": "sha256-6ixXo3wt24N/melDWjq70UuHQLxGV8jZvooRanIHXw0=",
        "owner": "numtide",
        "repo": "flake-utils",
        "rev": "919d646de7be200f3bf08cb76ae1f09402b6f9b4",
        "type": "github"
      },
      "original": {
        "owner": "numtide",
        "repo": "flake-utils",
        "type": "github"
      }
    },
    "flake-utils-new": {
      "inputs": {
        "systems": "systems_2"
      },
      "locked": {
        "lastModified": 1689068808,
        "narHash": "sha256-6ixXo3wt24N/melDWjq70UuHQLxGV8jZvooRanIHXw0=",
        "owner": "numtide",
        "repo": "flake-utils",
        "rev": "919d646de7be200f3bf08cb76ae1f09402b6f9b4",
        "type": "github"
      },
      "original": {
        "owner": "numtide",
        "repo": "flake-utils",
        "type": "github"
      }
    },
    "ghaf": {
      "inputs": {
        "flake-utils": [
          "flake-utils"
        ],
        "jetpack-nixos": [
          "jetpack-nixos"
        ],
        "microvm": [
          "microvm"
        ],
        "nixos-generators": [
          "nixos-generators"
        ],
        "nixos-hardware": [
          "nixos-hardware"
        ],
        "nixpkgs": [
          "nixpkgs"
        ]
      },
      "locked": {
        "lastModified": 1689328981,
        "narHash": "sha256-953CKFQZR0iEyZ/AvFVuz5KuVXyddz5XZoKjIo4r6EM=",
        "owner": "tiiuae",
        "repo": "ghaf",
        "rev": "010d8b77066dfd04cebfe424de9af35def94ea9d",
        "type": "github"
      },
      "original": {
        "owner": "tiiuae",
        "repo": "ghaf",
        "type": "github"
      }
    },
    "ghaf-allnew": {
      "inputs": {
        "flake-utils": [
          "flake-utils-new"
        ],
        "jetpack-nixos": [
          "jetpack-nixos-new"
        ],
        "microvm": [
          "microvm-new"
        ],
        "nixos-generators": [
          "nixos-generators-new"
        ],
        "nixos-hardware": [
          "nixos-hardware-new"
        ],
        "nixpkgs": [
          "nixpkgs-new"
        ]
      },
      "locked": {
        "lastModified": 1689328981,
        "narHash": "sha256-953CKFQZR0iEyZ/AvFVuz5KuVXyddz5XZoKjIo4r6EM=",
        "owner": "tiiuae",
        "repo": "ghaf",
        "rev": "010d8b77066dfd04cebfe424de9af35def94ea9d",
        "type": "github"
      },
      "original": {
        "owner": "tiiuae",
        "repo": "ghaf",
        "type": "github"
      }
    },
    "ghaf-allunstable": {
      "inputs": {
        "flake-utils": [
          "flake-utils-new"
        ],
        "jetpack-nixos": [
          "jetpack-nixos-unstable"
        ],
        "microvm": [
          "microvm-unstable"
        ],
        "nixos-generators": [
          "nixos-generators-unstable"
        ],
        "nixos-hardware": [
          "nixos-hardware-new"
        ],
        "nixpkgs": [
          "nixpkgs-unstable"
        ]
      },
      "locked": {
        "lastModified": 1689328981,
        "narHash": "sha256-953CKFQZR0iEyZ/AvFVuz5KuVXyddz5XZoKjIo4r6EM=",
        "owner": "tiiuae",
        "repo": "ghaf",
        "rev": "010d8b77066dfd04cebfe424de9af35def94ea9d",
        "type": "github"
      },
      "original": {
        "owner": "tiiuae",
        "repo": "ghaf",
        "type": "github"
      }
    },
    "ghaf-newnixos": {
      "inputs": {
        "flake-utils": [
          "flake-utils"
        ],
        "jetpack-nixos": [
          "jetpack-nixos"
        ],
        "microvm": [
          "microvm"
        ],
        "nixos-generators": [
          "nixos-generators"
        ],
        "nixos-hardware": [
          "nixos-hardware"
        ],
        "nixpkgs": [
          "nixpkgs-new"
        ]
      },
      "locked": {
        "lastModified": 1689328981,
        "narHash": "sha256-953CKFQZR0iEyZ/AvFVuz5KuVXyddz5XZoKjIo4r6EM=",
        "owner": "tiiuae",
        "repo": "ghaf",
        "rev": "010d8b77066dfd04cebfe424de9af35def94ea9d",
        "type": "github"
      },
      "original": {
        "owner": "tiiuae",
        "repo": "ghaf",
        "type": "github"
      }
    },
    "ghaf-newnixos-newjetpack": {
      "inputs": {
        "flake-utils": [
          "flake-utils"
        ],
        "jetpack-nixos": [
          "jetpack-nixos-new"
        ],
        "microvm": [
          "microvm"
        ],
        "nixos-generators": [
          "nixos-generators"
        ],
        "nixos-hardware": [
          "nixos-hardware"
        ],
        "nixpkgs": [
          "nixpkgs-new"
        ]
      },
      "locked": {
        "lastModified": 1689328981,
        "narHash": "sha256-953CKFQZR0iEyZ/AvFVuz5KuVXyddz5XZoKjIo4r6EM=",
        "owner": "tiiuae",
        "repo": "ghaf",
        "rev": "010d8b77066dfd04cebfe424de9af35def94ea9d",
        "type": "github"
      },
      "original": {
        "owner": "tiiuae",
        "repo": "ghaf",
        "type": "github"
      }
    },
    "ghaf-nixos-unstable": {
      "inputs": {
        "flake-utils": [
          "flake-utils"
        ],
        "jetpack-nixos": [
          "jetpack-nixos"
        ],
        "microvm": [
          "microvm"
        ],
        "nixos-generators": [
          "nixos-generators"
        ],
        "nixos-hardware": [
          "nixos-hardware"
        ],
        "nixpkgs": [
          "nixpkgs-unstable"
        ]
      },
      "locked": {
        "lastModified": 1689328981,
        "narHash": "sha256-953CKFQZR0iEyZ/AvFVuz5KuVXyddz5XZoKjIo4r6EM=",
        "owner": "tiiuae",
        "repo": "ghaf",
        "rev": "010d8b77066dfd04cebfe424de9af35def94ea9d",
        "type": "github"
      },
      "original": {
        "owner": "tiiuae",
        "repo": "ghaf",
        "type": "github"
      }
    },
    "ghaf-nixos-unstable-newjetpack": {
      "inputs": {
        "flake-utils": [
          "flake-utils"
        ],
        "jetpack-nixos": [
          "jetpack-nixos-new"
        ],
        "microvm": [
          "microvm"
        ],
        "nixos-generators": [
          "nixos-generators"
        ],
        "nixos-hardware": [
          "nixos-hardware"
        ],
        "nixpkgs": [
          "nixpkgs-unstable"
        ]
      },
      "locked": {
        "lastModified": 1689328981,
        "narHash": "sha256-953CKFQZR0iEyZ/AvFVuz5KuVXyddz5XZoKjIo4r6EM=",
        "owner": "tiiuae",
        "repo": "ghaf",
        "rev": "010d8b77066dfd04cebfe424de9af35def94ea9d",
        "type": "github"
      },
      "original": {
        "owner": "tiiuae",
        "repo": "ghaf",
        "type": "github"
      }
    },
    "jetpack-nixos": {
      "inputs": {
        "nixpkgs": [
          "nixpkgs"
        ]
      },
      "locked": {
        "lastModified": 1686967443,
        "narHash": "sha256-PXIDBOVM8JpMBo/oYrfDHD08AfO/rJKredz3yO/gDeA=",
        "owner": "anduril",
        "repo": "jetpack-nixos",
        "rev": "ddaff1bfceafb93ea67cb4ef953ba8eff5cf942b",
        "type": "github"
      },
      "original": {
        "owner": "anduril",
        "repo": "jetpack-nixos",
        "type": "github"
      }
    },
    "jetpack-nixos-new": {
      "inputs": {
        "nixpkgs": [
          "nixpkgs-new"
        ]
      },
      "locked": {
        "lastModified": 1686967443,
        "narHash": "sha256-PXIDBOVM8JpMBo/oYrfDHD08AfO/rJKredz3yO/gDeA=",
        "owner": "anduril",
        "repo": "jetpack-nixos",
        "rev": "ddaff1bfceafb93ea67cb4ef953ba8eff5cf942b",
        "type": "github"
      },
      "original": {
        "owner": "anduril",
        "repo": "jetpack-nixos",
        "type": "github"
      }
    },
    "jetpack-nixos-unstable": {
      "inputs": {
        "nixpkgs": [
          "nixpkgs-unstable"
        ]
      },
      "locked": {
        "lastModified": 1686967443,
        "narHash": "sha256-PXIDBOVM8JpMBo/oYrfDHD08AfO/rJKredz3yO/gDeA=",
        "owner": "anduril",
        "repo": "jetpack-nixos",
        "rev": "ddaff1bfceafb93ea67cb4ef953ba8eff5cf942b",
        "type": "github"
      },
      "original": {
        "owner": "anduril",
        "repo": "jetpack-nixos",
        "type": "github"
      }
    },
    "microvm": {
      "inputs": {
        "flake-utils": [
          "flake-utils"
        ],
        "nixpkgs": [
          "nixpkgs"
        ]
      },
      "locked": {
        "lastModified": 1688933605,
        "narHash": "sha256-eux5CjKmO+6GFoovtckoVo0es1FZ2mzupehDyHuCaCk=",
        "owner": "astro",
        "repo": "microvm.nix",
        "rev": "018691bf86a70b7e5d24eb37d6aad05ce1c1b12e",
        "type": "github"
      },
      "original": {
        "owner": "astro",
        "repo": "microvm.nix",
        "type": "github"
      }
    },
    "microvm-new": {
      "inputs": {
        "flake-utils": [
          "flake-utils-new"
        ],
        "nixpkgs": [
          "nixpkgs-new"
        ]
      },
      "locked": {
        "lastModified": 1688933605,
        "narHash": "sha256-eux5CjKmO+6GFoovtckoVo0es1FZ2mzupehDyHuCaCk=",
        "owner": "astro",
        "repo": "microvm.nix",
        "rev": "018691bf86a70b7e5d24eb37d6aad05ce1c1b12e",
        "type": "github"
      },
      "original": {
        "owner": "astro",
        "repo": "microvm.nix",
        "type": "github"
      }
    },
    "microvm-unstable": {
      "inputs": {
        "flake-utils": [
          "flake-utils-new"
        ],
        "nixpkgs": [
          "nixpkgs-unstable"
        ]
      },
      "locked": {
        "lastModified": 1688933605,
        "narHash": "sha256-eux5CjKmO+6GFoovtckoVo0es1FZ2mzupehDyHuCaCk=",
        "owner": "astro",
        "repo": "microvm.nix",
        "rev": "018691bf86a70b7e5d24eb37d6aad05ce1c1b12e",
        "type": "github"
      },
      "original": {
        "owner": "astro",
        "repo": "microvm.nix",
        "type": "github"
      }
    },
    "nixlib": {
      "locked": {
        "lastModified": 1688259758,
        "narHash": "sha256-CYVbYQfIm3vwciCf6CCYE+WOOLE3vcfxfEfNHIfKUJQ=",
        "owner": "nix-community",
        "repo": "nixpkgs.lib",
        "rev": "a92befce80a487380ea5e92ae515fe33cebd3ac6",
        "type": "github"
      },
      "original": {
        "owner": "nix-community",
        "repo": "nixpkgs.lib",
        "type": "github"
      }
    },
    "nixlib_2": {
      "locked": {
        "lastModified": 1688259758,
        "narHash": "sha256-CYVbYQfIm3vwciCf6CCYE+WOOLE3vcfxfEfNHIfKUJQ=",
        "owner": "nix-community",
        "repo": "nixpkgs.lib",
        "rev": "a92befce80a487380ea5e92ae515fe33cebd3ac6",
        "type": "github"
      },
      "original": {
        "owner": "nix-community",
        "repo": "nixpkgs.lib",
        "type": "github"
      }
    },
    "nixlib_3": {
      "locked": {
        "lastModified": 1688259758,
        "narHash": "sha256-CYVbYQfIm3vwciCf6CCYE+WOOLE3vcfxfEfNHIfKUJQ=",
        "owner": "nix-community",
        "repo": "nixpkgs.lib",
        "rev": "a92befce80a487380ea5e92ae515fe33cebd3ac6",
        "type": "github"
      },
      "original": {
        "owner": "nix-community",
        "repo": "nixpkgs.lib",
        "type": "github"
      }
    },
    "nixos-generators": {
      "inputs": {
        "nixlib": "nixlib",
        "nixpkgs": [
          "nixpkgs"
        ]
      },
      "locked": {
        "lastModified": 1688738567,
        "narHash": "sha256-yax5BYOfpE0+95kyJmEcfKEdZBaFvCENDogBB4VQB3Q=",
        "owner": "nix-community",
        "repo": "nixos-generators",
        "rev": "9191c85aab6b1a7ad395c13d340f2aa0e3ddf552",
        "type": "github"
      },
      "original": {
        "owner": "nix-community",
        "repo": "nixos-generators",
        "type": "github"
      }
    },
    "nixos-generators-new": {
      "inputs": {
        "nixlib": "nixlib_2",
        "nixpkgs": [
          "nixpkgs-new"
        ]
      },
      "locked": {
        "lastModified": 1688738567,
        "narHash": "sha256-yax5BYOfpE0+95kyJmEcfKEdZBaFvCENDogBB4VQB3Q=",
        "owner": "nix-community",
        "repo": "nixos-generators",
        "rev": "9191c85aab6b1a7ad395c13d340f2aa0e3ddf552",
        "type": "github"
      },
      "original": {
        "owner": "nix-community",
        "repo": "nixos-generators",
        "type": "github"
      }
    },
    "nixos-generators-unstable": {
      "inputs": {
        "nixlib": "nixlib_3",
        "nixpkgs": [
          "nixpkgs-unstable"
        ]
      },
      "locked": {
        "lastModified": 1688738567,
        "narHash": "sha256-yax5BYOfpE0+95kyJmEcfKEdZBaFvCENDogBB4VQB3Q=",
        "owner": "nix-community",
        "repo": "nixos-generators",
        "rev": "9191c85aab6b1a7ad395c13d340f2aa0e3ddf552",
        "type": "github"
      },
      "original": {
        "owner": "nix-community",
        "repo": "nixos-generators",
        "type": "github"
      }
    },
    "nixos-hardware": {
      "locked": {
        "lastModified": 1689320556,
        "narHash": "sha256-vODUkZLWFVCvo1KPK3dC2CbXjxa9antEn5ozwlcTr48=",
        "owner": "nixos",
        "repo": "nixos-hardware",
        "rev": "d4ea64f2063820120c05f6ba93ee02e6d4671d6b",
        "type": "github"
      },
      "original": {
        "owner": "nixos",
        "repo": "nixos-hardware",
        "type": "github"
      }
    },
    "nixos-hardware-new": {
      "locked": {
        "lastModified": 1689320556,
        "narHash": "sha256-vODUkZLWFVCvo1KPK3dC2CbXjxa9antEn5ozwlcTr48=",
        "owner": "nixos",
        "repo": "nixos-hardware",
        "rev": "d4ea64f2063820120c05f6ba93ee02e6d4671d6b",
        "type": "github"
      },
      "original": {
        "owner": "nixos",
        "repo": "nixos-hardware",
        "type": "github"
      }
    },
    "nixpkgs": {
      "locked": {
        "lastModified": 1689326639,
        "narHash": "sha256-79zi0t83Dcc2dE0NuYZ+2hqtKXZN1yWVq5mtx8D2d7Y=",
        "owner": "nixos",
        "repo": "nixpkgs",
        "rev": "9fdfaeb7b96f05e869f838c73cde8d98c640c649",
        "type": "github"
      },
      "original": {
        "owner": "nixos",
        "ref": "nixos-23.05",
        "repo": "nixpkgs",
        "type": "github"
      }
    },
    "nixpkgs-new": {
      "locked": {
        "lastModified": 1689326639,
        "narHash": "sha256-79zi0t83Dcc2dE0NuYZ+2hqtKXZN1yWVq5mtx8D2d7Y=",
        "owner": "nixos",
        "repo": "nixpkgs",
        "rev": "9fdfaeb7b96f05e869f838c73cde8d98c640c649",
        "type": "github"
      },
      "original": {
        "owner": "nixos",
        "ref": "nixos-23.05",
        "repo": "nixpkgs",
        "type": "github"
      }
    },
    "nixpkgs-unstable": {
      "locked": {
        "lastModified": 1689444953,
        "narHash": "sha256-0o56bfb2LC38wrinPdCGLDScd77LVcr7CrH1zK7qvDg=",
        "owner": "nixos",
        "repo": "nixpkgs",
        "rev": "8acef304efe70152463a6399f73e636bcc363813",
        "type": "github"
      },
      "original": {
        "owner": "nixos",
        "ref": "nixos-unstable",
        "repo": "nixpkgs",
        "type": "github"
      }
    },
    "root": {
      "inputs": {
        "flake-utils": "flake-utils",
        "flake-utils-new": "flake-utils-new",
        "ghaf": "ghaf",
        "ghaf-allnew": "ghaf-allnew",
        "ghaf-allunstable": "ghaf-allunstable",
        "ghaf-newnixos": "ghaf-newnixos",
        "ghaf-newnixos-newjetpack": "ghaf-newnixos-newjetpack",
        "ghaf-nixos-unstable": "ghaf-nixos-unstable",
        "ghaf-nixos-unstable-newjetpack": "ghaf-nixos-unstable-newjetpack",
        "jetpack-nixos": "jetpack-nixos",
        "jetpack-nixos-new": "jetpack-nixos-new",
        "jetpack-nixos-unstable": "jetpack-nixos-unstable",
        "microvm": "microvm",
        "microvm-new": "microvm-new",
        "microvm-unstable": "microvm-unstable",
        "nixos-generators": "nixos-generators",
        "nixos-generators-new": "nixos-generators-new",
        "nixos-generators-unstable": "nixos-generators-unstable",
        "nixos-hardware": "nixos-hardware",
        "nixos-hardware-new": "nixos-hardware-new",
        "nixpkgs": "nixpkgs",
        "nixpkgs-new": "nixpkgs-new",
        "nixpkgs-unstable": "nixpkgs-unstable"
      }
    },
    "systems": {
      "locked": {
        "lastModified": 1681028828,
        "narHash": "sha256-Vy1rq5AaRuLzOxct8nz4T6wlgyUR7zLU309k9mBC768=",
        "owner": "nix-systems",
        "repo": "default",
        "rev": "da67096a3b9bf56a91d16901293e51ba5b49a27e",
        "type": "github"
      },
      "original": {
        "owner": "nix-systems",
        "repo": "default",
        "type": "github"
      }
    },
    "systems_2": {
      "locked": {
        "lastModified": 1681028828,
        "narHash": "sha256-Vy1rq5AaRuLzOxct8nz4T6wlgyUR7zLU309k9mBC768=",
        "owner": "nix-systems",
        "repo": "default",
        "rev": "da67096a3b9bf56a91d16901293e51ba5b49a27e",
        "type": "github"
      },
      "original": {
        "owner": "nix-systems",
        "repo": "default",
        "type": "github"
      }
    }
  },
  "root": "root",
  "version": 7
}
