{
  "nodes": {
    "flake-utils": {
      "locked": {
        "lastModified": 1676283394,
        "narHash": "sha256-XX2f9c3iySLCw54rJ/CZs+ZK6IQy7GXNY4nSOyu2QG4=",
        "owner": "numtide",
        "repo": "flake-utils",
        "rev": "3db36a8b464d0c4532ba1c7dda728f4576d6d073",
        "type": "github"
      },
      "original": {
        "owner": "numtide",
        "repo": "flake-utils",
        "type": "github"
      }
    },
    "ghaf": {
      "inputs": {
        "flake-utils": [
          "flake-utils"
        ],
        "jetpack-nixos": [
          "jetpack-nixos"
        ],
        "microvm": [
          "microvm"
        ],
        "nixos-generators": [
          "nixos-generators"
        ],
        "nixos-hardware": [
          "nixos-hardware"
        ],
        "nixpkgs": [
          "nixpkgs"
        ]
      },
      "locked": {
        "lastModified": 1684943767,
        "narHash": "sha256-LykAVRXAmqSh3XhLs5BmwhgSMZjJHMKjV1Mg+SxzAQc=",
        "owner": "tiiuae",
        "repo": "ghaf",
        "rev": "5b390f32a8199e84d336550293afa8fd2c4e2466",
        "type": "github"
      },
      "original": {
        "owner": "tiiuae",
        "repo": "ghaf",
        "type": "github"
      }
    },
    "ghaf-newnixos": {
      "inputs": {
        "flake-utils": [
          "flake-utils"
        ],
        "jetpack-nixos": [
          "jetpack-nixos"
        ],
        "microvm": [
          "microvm"
        ],
        "nixos-generators": [
          "nixos-generators"
        ],
        "nixos-hardware": [
          "nixos-hardware"
        ],
        "nixpkgs": [
          "nixpkgs-new"
        ]
      },
      "locked": {
        "lastModified": 1684943767,
        "narHash": "sha256-LykAVRXAmqSh3XhLs5BmwhgSMZjJHMKjV1Mg+SxzAQc=",
        "owner": "tiiuae",
        "repo": "ghaf",
        "rev": "5b390f32a8199e84d336550293afa8fd2c4e2466",
        "type": "github"
      },
      "original": {
        "owner": "tiiuae",
        "repo": "ghaf",
        "type": "github"
      }
    },
    "ghaf-nixos-unstable": {
      "inputs": {
        "flake-utils": [
          "flake-utils"
        ],
        "jetpack-nixos": [
          "jetpack-nixos"
        ],
        "microvm": [
          "microvm"
        ],
        "nixos-generators": [
          "nixos-generators"
        ],
        "nixos-hardware": [
          "nixos-hardware"
        ],
        "nixpkgs": [
          "nixpkgs-unstable"
        ]
      },
      "locked": {
        "lastModified": 1684943767,
        "narHash": "sha256-LykAVRXAmqSh3XhLs5BmwhgSMZjJHMKjV1Mg+SxzAQc=",
        "owner": "tiiuae",
        "repo": "ghaf",
        "rev": "5b390f32a8199e84d336550293afa8fd2c4e2466",
        "type": "github"
      },
      "original": {
        "owner": "tiiuae",
        "repo": "ghaf",
        "type": "github"
      }
    },
    "ghaf-nixos-unstable-newjetpack": {
      "inputs": {
        "flake-utils": [
          "flake-utils"
        ],
        "jetpack-nixos": [
          "jetpack-nixos-new"
        ],
        "microvm": [
          "microvm"
        ],
        "nixos-generators": [
          "nixos-generators"
        ],
        "nixos-hardware": [
          "nixos-hardware"
        ],
        "nixpkgs": [
          "nixpkgs-unstable"
        ]
      },
      "locked": {
        "lastModified": 1684943767,
        "narHash": "sha256-LykAVRXAmqSh3XhLs5BmwhgSMZjJHMKjV1Mg+SxzAQc=",
        "owner": "tiiuae",
        "repo": "ghaf",
        "rev": "5b390f32a8199e84d336550293afa8fd2c4e2466",
        "type": "github"
      },
      "original": {
        "owner": "tiiuae",
        "repo": "ghaf",
        "type": "github"
      }
    },
    "ghaf-nixos2305": {
      "inputs": {
        "flake-utils": [
          "flake-utils"
        ],
        "jetpack-nixos": [
          "jetpack-nixos"
        ],
        "microvm": [
          "microvm"
        ],
        "nixos-generators": [
          "nixos-generators"
        ],
        "nixos-hardware": [
          "nixos-hardware"
        ],
        "nixpkgs": [
          "nixpkgs-2305"
        ]
      },
      "locked": {
        "lastModified": 1684943767,
        "narHash": "sha256-LykAVRXAmqSh3XhLs5BmwhgSMZjJHMKjV1Mg+SxzAQc=",
        "owner": "tiiuae",
        "repo": "ghaf",
        "rev": "5b390f32a8199e84d336550293afa8fd2c4e2466",
        "type": "github"
      },
      "original": {
        "owner": "tiiuae",
        "repo": "ghaf",
        "type": "github"
      }
    },
    "ghaf-nixos2305-newjetpack": {
      "inputs": {
        "flake-utils": [
          "flake-utils"
        ],
        "jetpack-nixos": [
          "jetpack-nixos-new"
        ],
        "microvm": [
          "microvm"
        ],
        "nixos-generators": [
          "nixos-generators"
        ],
        "nixos-hardware": [
          "nixos-hardware"
        ],
        "nixpkgs": [
          "nixpkgs-2305"
        ]
      },
      "locked": {
        "lastModified": 1684943767,
        "narHash": "sha256-LykAVRXAmqSh3XhLs5BmwhgSMZjJHMKjV1Mg+SxzAQc=",
        "owner": "tiiuae",
        "repo": "ghaf",
        "rev": "5b390f32a8199e84d336550293afa8fd2c4e2466",
        "type": "github"
      },
      "original": {
        "owner": "tiiuae",
        "repo": "ghaf",
        "type": "github"
      }
    },
    "jetpack-nixos": {
      "inputs": {
        "nixpkgs": [
          "nixpkgs"
        ]
      },
      "locked": {
        "lastModified": 1684902041,
        "narHash": "sha256-mEcBixYHRcwWKpvGZ+dPetC5qExWcksVohR49YGaHkQ=",
        "owner": "anduril",
        "repo": "jetpack-nixos",
        "rev": "47e0323478d09995de1dc6b91a2664a833847616",
        "type": "github"
      },
      "original": {
        "owner": "anduril",
        "repo": "jetpack-nixos",
        "type": "github"
      }
    },
    "jetpack-nixos-new": {
      "inputs": {
        "nixpkgs": [
          "nixpkgs"
        ]
      },
      "locked": {
        "lastModified": 1684954011,
        "narHash": "sha256-mUih+JCHUpa5gGJmw6Lr9Yx4sxwDHhlBgFM9QeD1htw=",
        "owner": "anduril",
        "repo": "jetpack-nixos",
        "rev": "95fdc89abf4d530c84043b41835d31dab4987499",
        "type": "github"
      },
      "original": {
        "owner": "anduril",
        "repo": "jetpack-nixos",
        "type": "github"
      }
    },
    "microvm": {
      "inputs": {
        "flake-utils": [
          "flake-utils"
        ],
        "nixpkgs": [
          "nixpkgs"
        ]
      },
      "locked": {
        "lastModified": 1681503602,
        "narHash": "sha256-4QbGS4tghgSFNn0E06qR2ygcej0IDPxZeQ8WvqWapq4=",
        "owner": "astro",
        "repo": "microvm.nix",
        "rev": "d578ed45d3528c42ab4b12edf6d1512a7bd35714",
        "type": "github"
      },
      "original": {
        "owner": "astro",
        "repo": "microvm.nix",
        "type": "github"
      }
    },
    "nixlib": {
      "locked": {
        "lastModified": 1677373009,
        "narHash": "sha256-kxhz4QUP8tXa/yVSpEzDDZSEp9FvhzRqZzb+SeUaekw=",
        "owner": "nix-community",
        "repo": "nixpkgs.lib",
        "rev": "c9d4f2476046c6a7a2ce3c2118c48455bf0272ea",
        "type": "github"
      },
      "original": {
        "owner": "nix-community",
        "repo": "nixpkgs.lib",
        "type": "github"
      }
    },
    "nixos-generators": {
      "inputs": {
        "nixlib": "nixlib",
        "nixpkgs": [
          "nixpkgs"
        ]
      },
      "locked": {
        "lastModified": 1678351966,
        "narHash": "sha256-tRFEU0lu3imZb3dtELBY+UbEhWXbb0xlBrsIlpICb+A=",
        "owner": "nix-community",
        "repo": "nixos-generators",
        "rev": "0c043999b16caba6fb571af2d228775729829943",
        "type": "github"
      },
      "original": {
        "owner": "nix-community",
        "repo": "nixos-generators",
        "type": "github"
      }
    },
    "nixos-hardware": {
      "locked": {
        "lastModified": 1678397099,
        "narHash": "sha256-5xq8YJe+h19TlD+EI4AE/3H3jcCcQ2AWU6CWBVc5tRc=",
        "owner": "nixos",
        "repo": "nixos-hardware",
        "rev": "556101ff85bd6e20900ec73ee525b935154bc8ea",
        "type": "github"
      },
      "original": {
        "owner": "nixos",
        "repo": "nixos-hardware",
        "type": "github"
      }
    },
    "nixpkgs": {
      "locked": {
        "lastModified": 1681091990,
        "narHash": "sha256-ifIzhksUBZKp5WgCuoVhDY32qaEplXp7khzrB6zkaFc=",
        "owner": "nixos",
        "repo": "nixpkgs",
        "rev": "ea96b4af6148114421fda90df33cf236ff5ecf1d",
        "type": "github"
      },
      "original": {
        "owner": "nixos",
        "ref": "nixos-22.11",
        "repo": "nixpkgs",
        "type": "github"
      }
    },
    "nixpkgs-2305": {
      "locked": {
        "lastModified": 1684922889,
        "narHash": "sha256-l0WZAmln8959O7RdYUJ3gnAIM9OPKFLKHKGX4q+Blrk=",
        "owner": "nixos",
        "repo": "nixpkgs",
        "rev": "04aaf8511678a0d0f347fdf1e8072fe01e4a509e",
        "type": "github"
      },
      "original": {
        "owner": "nixos",
        "ref": "nixos-23.05",
        "repo": "nixpkgs",
        "type": "github"
      }
    },
    "nixpkgs-new": {
      "locked": {
        "lastModified": 1684936879,
        "narHash": "sha256-BOSq/QiX7MDs8tUnAt4+nYTJctgYkzVSNL95qlfMYeM=",
        "owner": "nixos",
        "repo": "nixpkgs",
        "rev": "99fe1b870522d6ee3e692c2b6e663d6868a3fde4",
        "type": "github"
      },
      "original": {
        "owner": "nixos",
        "ref": "nixos-22.11",
        "repo": "nixpkgs",
        "type": "github"
      }
    },
    "nixpkgs-unstable": {
      "locked": {
        "lastModified": 1684844536,
        "narHash": "sha256-M7HhXYVqAuNb25r/d3FOO0z4GxPqDIZp5UjHFbBgw0Q=",
        "owner": "nixos",
        "repo": "nixpkgs",
        "rev": "d30264c2691128adc261d7c9388033645f0e742b",
        "type": "github"
      },
      "original": {
        "owner": "nixos",
        "ref": "nixos-unstable",
        "repo": "nixpkgs",
        "type": "github"
      }
    },
    "root": {
      "inputs": {
        "flake-utils": "flake-utils",
        "ghaf": "ghaf",
        "ghaf-newnixos": "ghaf-newnixos",
        "ghaf-nixos-unstable": "ghaf-nixos-unstable",
        "ghaf-nixos-unstable-newjetpack": "ghaf-nixos-unstable-newjetpack",
        "ghaf-nixos2305": "ghaf-nixos2305",
        "ghaf-nixos2305-newjetpack": "ghaf-nixos2305-newjetpack",
        "jetpack-nixos": "jetpack-nixos",
        "jetpack-nixos-new": "jetpack-nixos-new",
        "microvm": "microvm",
        "nixos-generators": "nixos-generators",
        "nixos-hardware": "nixos-hardware",
        "nixpkgs": "nixpkgs",
        "nixpkgs-2305": "nixpkgs-2305",
        "nixpkgs-new": "nixpkgs-new",
        "nixpkgs-unstable": "nixpkgs-unstable"
      }
    }
  },
  "root": "root",
  "version": 7
}
