{
  "nodes": {
    "flake-utils": {
      "inputs": {
        "systems": "systems"
      },
      "locked": {
        "lastModified": 1689068808,
        "narHash": "sha256-6ixXo3wt24N/melDWjq70UuHQLxGV8jZvooRanIHXw0=",
        "owner": "numtide",
        "repo": "flake-utils",
        "rev": "919d646de7be200f3bf08cb76ae1f09402b6f9b4",
        "type": "github"
      },
      "original": {
        "owner": "numtide",
        "repo": "flake-utils",
        "type": "github"
      }
    },
    "flake-utils-new": {
      "inputs": {
        "systems": "systems_2"
      },
      "locked": {
        "lastModified": 1694529238,
        "narHash": "sha256-zsNZZGTGnMOf9YpHKJqMSsa0dXbfmxeoJ7xHlrt+xmY=",
        "owner": "numtide",
        "repo": "flake-utils",
        "rev": "ff7b65b44d01cf9ba6a71320833626af21126384",
        "type": "github"
      },
      "original": {
        "owner": "numtide",
        "repo": "flake-utils",
        "type": "github"
      }
    },
    "ghaf": {
      "inputs": {
        "flake-utils": [
          "flake-utils"
        ],
        "jetpack-nixos": [
          "jetpack-nixos"
        ],
        "microvm": [
          "microvm"
        ],
        "nixos-generators": [
          "nixos-generators"
        ],
        "nixos-hardware": [
          "nixos-hardware"
        ],
        "nixpkgs": [
          "nixpkgs"
        ]
      },
      "locked": {
        "lastModified": 1694090421,
        "narHash": "sha256-HCbIxSYfmL7HB02eyJJ8v1ONS+vSS68GoSZrwhtWgEY=",
        "owner": "tiiuae",
        "repo": "ghaf",
        "rev": "b0ad0719c70e4f9f93135f9aeb714f5131a5e2c3",
        "type": "github"
      },
      "original": {
        "owner": "tiiuae",
        "repo": "ghaf",
        "type": "github"
      }
    },
    "ghaf-allnew": {
      "inputs": {
        "flake-utils": [
          "flake-utils-new"
        ],
        "jetpack-nixos": [
          "jetpack-nixos-new"
        ],
        "microvm": [
          "microvm-new"
        ],
        "nixos-generators": [
          "nixos-generators-new"
        ],
        "nixos-hardware": [
          "nixos-hardware-new"
        ],
        "nixpkgs": [
          "nixpkgs-new"
        ]
      },
      "locked": {
        "lastModified": 1694090421,
        "narHash": "sha256-HCbIxSYfmL7HB02eyJJ8v1ONS+vSS68GoSZrwhtWgEY=",
        "owner": "tiiuae",
        "repo": "ghaf",
        "rev": "b0ad0719c70e4f9f93135f9aeb714f5131a5e2c3",
        "type": "github"
      },
      "original": {
        "owner": "tiiuae",
        "repo": "ghaf",
        "type": "github"
      }
    },
    "ghaf-allunstable": {
      "inputs": {
        "flake-utils": [
          "flake-utils-new"
        ],
        "jetpack-nixos": [
          "jetpack-nixos-unstable"
        ],
        "microvm": [
          "microvm-unstable"
        ],
        "nixos-generators": [
          "nixos-generators-unstable"
        ],
        "nixos-hardware": [
          "nixos-hardware-new"
        ],
        "nixpkgs": [
          "nixpkgs-unstable"
        ]
      },
      "locked": {
        "lastModified": 1694090421,
        "narHash": "sha256-HCbIxSYfmL7HB02eyJJ8v1ONS+vSS68GoSZrwhtWgEY=",
        "owner": "tiiuae",
        "repo": "ghaf",
        "rev": "b0ad0719c70e4f9f93135f9aeb714f5131a5e2c3",
        "type": "github"
      },
      "original": {
        "owner": "tiiuae",
        "repo": "ghaf",
        "type": "github"
      }
    },
    "ghaf-newnixos": {
      "inputs": {
        "flake-utils": [
          "flake-utils"
        ],
        "jetpack-nixos": [
          "jetpack-nixos"
        ],
        "microvm": [
          "microvm"
        ],
        "nixos-generators": [
          "nixos-generators"
        ],
        "nixos-hardware": [
          "nixos-hardware"
        ],
        "nixpkgs": [
          "nixpkgs-new"
        ]
      },
      "locked": {
        "lastModified": 1694090421,
        "narHash": "sha256-HCbIxSYfmL7HB02eyJJ8v1ONS+vSS68GoSZrwhtWgEY=",
        "owner": "tiiuae",
        "repo": "ghaf",
        "rev": "b0ad0719c70e4f9f93135f9aeb714f5131a5e2c3",
        "type": "github"
      },
      "original": {
        "owner": "tiiuae",
        "repo": "ghaf",
        "type": "github"
      }
    },
    "ghaf-newnixos-newjetpack": {
      "inputs": {
        "flake-utils": [
          "flake-utils"
        ],
        "jetpack-nixos": [
          "jetpack-nixos-new"
        ],
        "microvm": [
          "microvm"
        ],
        "nixos-generators": [
          "nixos-generators"
        ],
        "nixos-hardware": [
          "nixos-hardware"
        ],
        "nixpkgs": [
          "nixpkgs-new"
        ]
      },
      "locked": {
        "lastModified": 1694090421,
        "narHash": "sha256-HCbIxSYfmL7HB02eyJJ8v1ONS+vSS68GoSZrwhtWgEY=",
        "owner": "tiiuae",
        "repo": "ghaf",
        "rev": "b0ad0719c70e4f9f93135f9aeb714f5131a5e2c3",
        "type": "github"
      },
      "original": {
        "owner": "tiiuae",
        "repo": "ghaf",
        "type": "github"
      }
    },
    "ghaf-nixos-unstable": {
      "inputs": {
        "flake-utils": [
          "flake-utils"
        ],
        "jetpack-nixos": [
          "jetpack-nixos"
        ],
        "microvm": [
          "microvm"
        ],
        "nixos-generators": [
          "nixos-generators"
        ],
        "nixos-hardware": [
          "nixos-hardware"
        ],
        "nixpkgs": [
          "nixpkgs-unstable"
        ]
      },
      "locked": {
        "lastModified": 1694090421,
        "narHash": "sha256-HCbIxSYfmL7HB02eyJJ8v1ONS+vSS68GoSZrwhtWgEY=",
        "owner": "tiiuae",
        "repo": "ghaf",
        "rev": "b0ad0719c70e4f9f93135f9aeb714f5131a5e2c3",
        "type": "github"
      },
      "original": {
        "owner": "tiiuae",
        "repo": "ghaf",
        "type": "github"
      }
    },
    "ghaf-nixos-unstable-newjetpack": {
      "inputs": {
        "flake-utils": [
          "flake-utils"
        ],
        "jetpack-nixos": [
          "jetpack-nixos-new"
        ],
        "microvm": [
          "microvm"
        ],
        "nixos-generators": [
          "nixos-generators"
        ],
        "nixos-hardware": [
          "nixos-hardware"
        ],
        "nixpkgs": [
          "nixpkgs-unstable"
        ]
      },
      "locked": {
        "lastModified": 1694090421,
        "narHash": "sha256-HCbIxSYfmL7HB02eyJJ8v1ONS+vSS68GoSZrwhtWgEY=",
        "owner": "tiiuae",
        "repo": "ghaf",
        "rev": "b0ad0719c70e4f9f93135f9aeb714f5131a5e2c3",
        "type": "github"
      },
      "original": {
        "owner": "tiiuae",
        "repo": "ghaf",
        "type": "github"
      }
    },
    "jetpack-nixos": {
      "inputs": {
        "nixpkgs": [
          "nixpkgs"
        ]
      },
      "locked": {
        "lastModified": 1690589233,
        "narHash": "sha256-+ctn11e/veom4cavSuEB1voBy18hP/FOTjXUwub2Hq0=",
        "owner": "anduril",
        "repo": "jetpack-nixos",
        "rev": "f6de47bd2ff24bb99459f01d04c324dce335aff9",
        "type": "github"
      },
      "original": {
        "owner": "anduril",
        "repo": "jetpack-nixos",
        "type": "github"
      }
    },
    "jetpack-nixos-new": {
      "inputs": {
        "nixpkgs": [
          "nixpkgs-new"
        ]
      },
      "locked": {
        "lastModified": 1693193148,
        "narHash": "sha256-/GUh0y6vvMVOeSC/v0ydfch9ynuJxLf0aPucidAgFKY=",
        "owner": "anduril",
        "repo": "jetpack-nixos",
        "rev": "57b79aba8d4608839f9777a775bfcb1354d88f21",
        "type": "github"
      },
      "original": {
        "owner": "anduril",
        "repo": "jetpack-nixos",
        "type": "github"
      }
    },
    "jetpack-nixos-unstable": {
      "inputs": {
        "nixpkgs": [
          "nixpkgs-unstable"
        ]
      },
      "locked": {
        "lastModified": 1693193148,
        "narHash": "sha256-/GUh0y6vvMVOeSC/v0ydfch9ynuJxLf0aPucidAgFKY=",
        "owner": "anduril",
        "repo": "jetpack-nixos",
        "rev": "57b79aba8d4608839f9777a775bfcb1354d88f21",
        "type": "github"
      },
      "original": {
        "owner": "anduril",
        "repo": "jetpack-nixos",
        "type": "github"
      }
    },
    "microvm": {
      "inputs": {
        "flake-utils": [
          "flake-utils"
        ],
        "nixpkgs": [
          "nixpkgs"
        ]
      },
      "locked": {
        "lastModified": 1690637422,
        "narHash": "sha256-hSEkpMhbQUcYLkKwOM5NiaSQ78NdPkosqcYc1TyMog8=",
        "owner": "astro",
        "repo": "microvm.nix",
        "rev": "38260452faac611b03cb8a03cf4ba78999587f5e",
        "type": "github"
      },
      "original": {
        "owner": "astro",
        "repo": "microvm.nix",
        "type": "github"
      }
    },
    "microvm-new": {
      "inputs": {
        "flake-utils": [
          "flake-utils-new"
        ],
        "nixpkgs": [
          "nixpkgs-new"
        ]
      },
      "locked": {
        "lastModified": 1694526290,
        "narHash": "sha256-HiWr+tfJE/hcn8atRC0S5KweSUknQLEduPLTEiSr5J8=",
        "owner": "astro",
        "repo": "microvm.nix",
        "rev": "03e7f11cf915a911277c2cdea5d7da9717597aa2",
        "type": "github"
      },
      "original": {
        "owner": "astro",
        "repo": "microvm.nix",
        "type": "github"
      }
    },
    "microvm-unstable": {
      "inputs": {
        "flake-utils": [
          "flake-utils-new"
        ],
        "nixpkgs": [
          "nixpkgs-unstable"
        ]
      },
      "locked": {
        "lastModified": 1694526290,
        "narHash": "sha256-HiWr+tfJE/hcn8atRC0S5KweSUknQLEduPLTEiSr5J8=",
        "owner": "astro",
        "repo": "microvm.nix",
        "rev": "03e7f11cf915a911277c2cdea5d7da9717597aa2",
        "type": "github"
      },
      "original": {
        "owner": "astro",
        "repo": "microvm.nix",
        "type": "github"
      }
    },
    "nixlib": {
      "locked": {
        "lastModified": 1689469483,
        "narHash": "sha256-2SBhY7rZQ/iNCxe04Eqxlz9YK9KgbaTMBssq3/BgdWY=",
        "owner": "nix-community",
        "repo": "nixpkgs.lib",
        "rev": "02fea408f27186f139153e1ae88f8ab2abd9c22c",
        "type": "github"
      },
      "original": {
        "owner": "nix-community",
        "repo": "nixpkgs.lib",
        "type": "github"
      }
    },
    "nixlib_2": {
      "locked": {
        "lastModified": 1693701915,
        "narHash": "sha256-waHPLdDYUOHSEtMKKabcKIMhlUOHPOOPQ9UyFeEoovs=",
        "owner": "nix-community",
        "repo": "nixpkgs.lib",
        "rev": "f5af57d3ef9947a70ac86e42695231ac1ad00c25",
        "type": "github"
      },
      "original": {
        "owner": "nix-community",
        "repo": "nixpkgs.lib",
        "type": "github"
      }
    },
    "nixlib_3": {
      "locked": {
        "lastModified": 1693701915,
        "narHash": "sha256-waHPLdDYUOHSEtMKKabcKIMhlUOHPOOPQ9UyFeEoovs=",
        "owner": "nix-community",
        "repo": "nixpkgs.lib",
        "rev": "f5af57d3ef9947a70ac86e42695231ac1ad00c25",
        "type": "github"
      },
      "original": {
        "owner": "nix-community",
        "repo": "nixpkgs.lib",
        "type": "github"
      }
    },
    "nixos-generators": {
      "inputs": {
        "nixlib": "nixlib",
        "nixpkgs": [
          "nixpkgs"
        ]
      },
      "locked": {
        "lastModified": 1690133435,
        "narHash": "sha256-YNZiefETggroaTLsLJG2M+wpF0pJPwiauKG4q48ddNU=",
        "owner": "nix-community",
        "repo": "nixos-generators",
        "rev": "b1171de4d362c022130c92d7c8adc4bf2b83d586",
        "type": "github"
      },
      "original": {
        "owner": "nix-community",
        "repo": "nixos-generators",
        "type": "github"
      }
    },
    "nixos-generators-new": {
      "inputs": {
        "nixlib": "nixlib_2",
        "nixpkgs": [
          "nixpkgs-new"
        ]
      },
      "locked": {
        "lastModified": 1693791338,
        "narHash": "sha256-wHmtB5H8AJTUaeGHw+0hsQ6nU4VyvVrP2P4NeCocRzY=",
        "owner": "nix-community",
        "repo": "nixos-generators",
        "rev": "8ee78470029e641cddbd8721496da1316b47d3b4",
        "type": "github"
      },
      "original": {
        "owner": "nix-community",
        "repo": "nixos-generators",
        "type": "github"
      }
    },
    "nixos-generators-unstable": {
      "inputs": {
        "nixlib": "nixlib_3",
        "nixpkgs": [
          "nixpkgs-unstable"
        ]
      },
      "locked": {
        "lastModified": 1693791338,
        "narHash": "sha256-wHmtB5H8AJTUaeGHw+0hsQ6nU4VyvVrP2P4NeCocRzY=",
        "owner": "nix-community",
        "repo": "nixos-generators",
        "rev": "8ee78470029e641cddbd8721496da1316b47d3b4",
        "type": "github"
      },
      "original": {
        "owner": "nix-community",
        "repo": "nixos-generators",
        "type": "github"
      }
    },
    "nixos-hardware": {
      "locked": {
        "lastModified": 1694591211,
        "narHash": "sha256-NPP7XGZH+Q5ey7nE2zGLrBrzKmLYPhj8YgsTSdhH0D4=",
        "owner": "nixos",
        "repo": "nixos-hardware",
        "rev": "3ccd87fcdae4732fe33773cefa4375c641a057e7",
        "type": "github"
      },
      "original": {
        "owner": "nixos",
        "repo": "nixos-hardware",
        "type": "github"
      }
    },
    "nixos-hardware-new": {
      "locked": {
        "lastModified": 1694591211,
        "narHash": "sha256-NPP7XGZH+Q5ey7nE2zGLrBrzKmLYPhj8YgsTSdhH0D4=",
        "owner": "nixos",
        "repo": "nixos-hardware",
        "rev": "3ccd87fcdae4732fe33773cefa4375c641a057e7",
        "type": "github"
      },
      "original": {
        "owner": "nixos",
        "repo": "nixos-hardware",
        "type": "github"
      }
    },
    "nixpkgs": {
      "locked": {
        "lastModified": 1694499547,
        "narHash": "sha256-R7xMz1Iia6JthWRHDn36s/E248WB1/je62ovC/dUVKI=",
        "owner": "nixos",
        "repo": "nixpkgs",
        "rev": "e5f018cf150e29aac26c61dac0790ea023c46b24",
        "type": "github"
      },
      "original": {
        "owner": "nixos",
        "ref": "nixos-23.05",
        "repo": "nixpkgs",
        "type": "github"
      }
    },
    "nixpkgs-new": {
      "locked": {
        "lastModified": 1694499547,
        "narHash": "sha256-R7xMz1Iia6JthWRHDn36s/E248WB1/je62ovC/dUVKI=",
        "owner": "nixos",
        "repo": "nixpkgs",
        "rev": "e5f018cf150e29aac26c61dac0790ea023c46b24",
        "type": "github"
      },
      "original": {
        "owner": "nixos",
        "ref": "nixos-23.05",
        "repo": "nixpkgs",
        "type": "github"
      }
    },
    "nixpkgs-unstable": {
      "locked": {
        "lastModified": 1694422566,
        "narHash": "sha256-lHJ+A9esOz9vln/3CJG23FV6Wd2OoOFbDeEs4cMGMqc=",
        "owner": "nixos",
        "repo": "nixpkgs",
        "rev": "3a2786eea085f040a66ecde1bc3ddc7099f6dbeb",
        "type": "github"
      },
      "original": {
        "owner": "nixos",
        "ref": "nixos-unstable",
        "repo": "nixpkgs",
        "type": "github"
      }
    },
    "root": {
      "inputs": {
        "flake-utils": "flake-utils",
        "flake-utils-new": "flake-utils-new",
        "ghaf": "ghaf",
        "ghaf-allnew": "ghaf-allnew",
        "ghaf-allunstable": "ghaf-allunstable",
        "ghaf-newnixos": "ghaf-newnixos",
        "ghaf-newnixos-newjetpack": "ghaf-newnixos-newjetpack",
        "ghaf-nixos-unstable": "ghaf-nixos-unstable",
        "ghaf-nixos-unstable-newjetpack": "ghaf-nixos-unstable-newjetpack",
        "jetpack-nixos": "jetpack-nixos",
        "jetpack-nixos-new": "jetpack-nixos-new",
        "jetpack-nixos-unstable": "jetpack-nixos-unstable",
        "microvm": "microvm",
        "microvm-new": "microvm-new",
        "microvm-unstable": "microvm-unstable",
        "nixos-generators": "nixos-generators",
        "nixos-generators-new": "nixos-generators-new",
        "nixos-generators-unstable": "nixos-generators-unstable",
        "nixos-hardware": "nixos-hardware",
        "nixos-hardware-new": "nixos-hardware-new",
        "nixpkgs": "nixpkgs",
        "nixpkgs-new": "nixpkgs-new",
        "nixpkgs-unstable": "nixpkgs-unstable"
      }
    },
    "systems": {
      "locked": {
        "lastModified": 1681028828,
        "narHash": "sha256-Vy1rq5AaRuLzOxct8nz4T6wlgyUR7zLU309k9mBC768=",
        "owner": "nix-systems",
        "repo": "default",
        "rev": "da67096a3b9bf56a91d16901293e51ba5b49a27e",
        "type": "github"
      },
      "original": {
        "owner": "nix-systems",
        "repo": "default",
        "type": "github"
      }
    },
    "systems_2": {
      "locked": {
        "lastModified": 1681028828,
        "narHash": "sha256-Vy1rq5AaRuLzOxct8nz4T6wlgyUR7zLU309k9mBC768=",
        "owner": "nix-systems",
        "repo": "default",
        "rev": "da67096a3b9bf56a91d16901293e51ba5b49a27e",
        "type": "github"
      },
      "original": {
        "owner": "nix-systems",
        "repo": "default",
        "type": "github"
      }
    }
  },
  "root": "root",
  "version": 7
}
